Microsoft Visual Studio Solution File, Format Version 12.00
# Visual Studio Version 17
VisualStudioVersion = 17.5.2.0
MinimumVisualStudioVersion = 10.0.40219.1
Project("{FAE04EC0-301F-11D3-BF4B-00C04F79EFBC}") = "LoopingThroughArray", "LoopingThroughArray.csproj", "{68BCC230-2208-BE10-512C-094A7ACF5F75}"
EndProject
Global
	GlobalSection(SolutionConfigurationPlatforms) = preSolution
		Debug|Any CPU = Debug|Any CPU
		Release|Any CPU = Release|Any CPU
	EndGlobalSection
	GlobalSection(ProjectConfigurationPlatforms) = postSolution
		{68BCC230-2208-BE10-512C-094A7ACF5F75}.Debug|Any CPU.ActiveCfg = Debug|Any CPU
		{68BCC230-2208-BE10-512C-094A7ACF5F75}.Debug|Any CPU.Build.0 = Debug|Any CPU
		{68BCC230-2208-BE10-512C-094A7ACF5F75}.Release|Any CPU.ActiveCfg = Release|Any CPU
		{68BCC230-2208-BE10-512C-094A7ACF5F75}.Release|Any CPU.Build.0 = Release|Any CPU
	EndGlobalSection
	GlobalSection(SolutionProperties) = preSolution
		HideSolutionNode = FALSE
	EndGlobalSection
	GlobalSection(ExtensibilityGlobals) = postSolution
		SolutionGuid = {875B4CD9-E50B-427F-8A30-FDFF5455188D}
	EndGlobalSection
EndGlobal
